
Microsoft Visual Studio Solution File, Format Version 12.00
# Visual Studio Version 16
VisualStudioVersion = 16.0.30523.141
MinimumVisualStudioVersion = 10.0.40219.1
Project("{FAE04EC0-301F-11D3-BF4B-00C04F79EFBC}") = "Teste", "Teste.csproj", "{452203B4-1F0F-4B0D-8C20-877B0B3F77A5}"
EndProject
Global
	GlobalSection(SolutionConfigurationPlatforms) = preSolution
		Debug|Any CPU = Debug|Any CPU
		Release|Any CPU = Release|Any CPU
	EndGlobalSection
	GlobalSection(ProjectConfigurationPlatforms) = postSolution
		{452203B4-1F0F-4B0D-8C20-877B0B3F77A5}.Debug|Any CPU.ActiveCfg = Debug|Any CPU
		{452203B4-1F0F-4B0D-8C20-877B0B3F77A5}.Debug|Any CPU.Build.0 = Debug|Any CPU
		{452203B4-1F0F-4B0D-8C20-877B0B3F77A5}.Release|Any CPU.ActiveCfg = Release|Any CPU
		{452203B4-1F0F-4B0D-8C20-877B0B3F77A5}.Release|Any CPU.Build.0 = Release|Any CPU
	EndGlobalSection
	GlobalSection(SolutionProperties) = preSolution
		HideSolutionNode = FALSE
	EndGlobalSection
	GlobalSection(ExtensibilityGlobals) = postSolution
		SolutionGuid = {E542976F-CEF1-42C8-B270-53EA4599AB93}
	EndGlobalSection
EndGlobal
